
Microsoft Visual Studio Solution File, Format Version 12.00
# Visual Studio Version 17
VisualStudioVersion = 17.5.33530.505
MinimumVisualStudioVersion = 10.0.40219.1
Project("{FAE04EC0-301F-11D3-BF4B-00C04F79EFBC}") = "UcenjeCS", "UcenjeCS\UcenjeCS.csproj", "{93BDC6C1-AEAB-41CE-9369-94EAEA552958}"
EndProject
Project("{FAE04EC0-301F-11D3-BF4B-00C04F79EFBC}") = "WebAPI", "WebAPI\WebAPI.csproj", "{2A9FD9C0-3139-4EDE-9952-1DBAEEEAD0F2}"
EndProject
Global
	GlobalSection(SolutionConfigurationPlatforms) = preSolution
		Debug|Any CPU = Debug|Any CPU
		Release|Any CPU = Release|Any CPU
	EndGlobalSection
	GlobalSection(ProjectConfigurationPlatforms) = postSolution
		{93BDC6C1-AEAB-41CE-9369-94EAEA552958}.Debug|Any CPU.ActiveCfg = Debug|Any CPU
		{93BDC6C1-AEAB-41CE-9369-94EAEA552958}.Debug|Any CPU.Build.0 = Debug|Any CPU
		{93BDC6C1-AEAB-41CE-9369-94EAEA552958}.Release|Any CPU.ActiveCfg = Release|Any CPU
		{93BDC6C1-AEAB-41CE-9369-94EAEA552958}.Release|Any CPU.Build.0 = Release|Any CPU
		{2A9FD9C0-3139-4EDE-9952-1DBAEEEAD0F2}.Debug|Any CPU.ActiveCfg = Debug|Any CPU
		{2A9FD9C0-3139-4EDE-9952-1DBAEEEAD0F2}.Debug|Any CPU.Build.0 = Debug|Any CPU
		{2A9FD9C0-3139-4EDE-9952-1DBAEEEAD0F2}.Release|Any CPU.ActiveCfg = Release|Any CPU
		{2A9FD9C0-3139-4EDE-9952-1DBAEEEAD0F2}.Release|Any CPU.Build.0 = Release|Any CPU
	EndGlobalSection
	GlobalSection(SolutionProperties) = preSolution
		HideSolutionNode = FALSE
	EndGlobalSection
	GlobalSection(ExtensibilityGlobals) = postSolution
		SolutionGuid = {DEB4AA61-94DC-4760-A9DB-537E857263CE}
	EndGlobalSection
EndGlobal
